
Microsoft Visual Studio Solution File, Format Version 12.00
# Visual Studio Version 17
VisualStudioVersion = 17.5.33627.172
MinimumVisualStudioVersion = 10.0.40219.1
Project("{E24C65DC-7377-472B-9ABA-BC803B73C61A}") = "WebSQL", ".", "{23BB8556-BA59-4865-BF01-57F910DE33CE}"
	ProjectSection(WebsiteProperties) = preProject
		TargetFrameworkMoniker = ".NETFramework,Version%3Dv4.7.2"
		Debug.AspNetCompiler.VirtualPath = "/localhost_46561"
		Debug.AspNetCompiler.PhysicalPath = "..\WebSQL\"
		Debug.AspNetCompiler.TargetPath = "PrecompiledWeb\localhost_46561\"
		Debug.AspNetCompiler.Updateable = "true"
		Debug.AspNetCompiler.ForceOverwrite = "true"
		Debug.AspNetCompiler.FixedNames = "false"
		Debug.AspNetCompiler.Debug = "True"
		Release.AspNetCompiler.VirtualPath = "/localhost_46561"
		Release.AspNetCompiler.PhysicalPath = "..\WebSQL\"
		Release.AspNetCompiler.TargetPath = "PrecompiledWeb\localhost_46561\"
		Release.AspNetCompiler.Updateable = "true"
		Release.AspNetCompiler.ForceOverwrite = "true"
		Release.AspNetCompiler.FixedNames = "false"
		Release.AspNetCompiler.Debug = "False"
		VWDPort = "46561"
		SlnRelativePath = "..\WebSQL\"
		DefaultWebSiteLanguage = "Visual C#"
	EndProjectSection
EndProject
Global
	GlobalSection(SolutionConfigurationPlatforms) = preSolution
		Debug|Any CPU = Debug|Any CPU
	EndGlobalSection
	GlobalSection(ProjectConfigurationPlatforms) = postSolution
		{23BB8556-BA59-4865-BF01-57F910DE33CE}.Debug|Any CPU.ActiveCfg = Debug|Any CPU
		{23BB8556-BA59-4865-BF01-57F910DE33CE}.Debug|Any CPU.Build.0 = Debug|Any CPU
	EndGlobalSection
	GlobalSection(SolutionProperties) = preSolution
		HideSolutionNode = FALSE
	EndGlobalSection
	GlobalSection(ExtensibilityGlobals) = postSolution
		SolutionGuid = {26159082-AE2C-49B7-8DA5-699C49D626C1}
	EndGlobalSection
EndGlobal
